
Microsoft Visual Studio Solution File, Format Version 12.00
# Visual Studio Version 17
VisualStudioVersion = 17.3.32901.215
MinimumVisualStudioVersion = 10.0.40219.1
Project("{FAE04EC0-301F-11D3-BF4B-00C04F79EFBC}") = "lab2", "lab2.csproj", "{03B84A0E-3D2E-447A-8F88-1BCCB882DFE3}"
EndProject
Global
	GlobalSection(SolutionConfigurationPlatforms) = preSolution
		Debug|Any CPU = Debug|Any CPU
		Release|Any CPU = Release|Any CPU
	EndGlobalSection
	GlobalSection(ProjectConfigurationPlatforms) = postSolution
		{03B84A0E-3D2E-447A-8F88-1BCCB882DFE3}.Debug|Any CPU.ActiveCfg = Debug|Any CPU
		{03B84A0E-3D2E-447A-8F88-1BCCB882DFE3}.Debug|Any CPU.Build.0 = Debug|Any CPU
		{03B84A0E-3D2E-447A-8F88-1BCCB882DFE3}.Release|Any CPU.ActiveCfg = Release|Any CPU
		{03B84A0E-3D2E-447A-8F88-1BCCB882DFE3}.Release|Any CPU.Build.0 = Release|Any CPU
	EndGlobalSection
	GlobalSection(SolutionProperties) = preSolution
		HideSolutionNode = FALSE
	EndGlobalSection
	GlobalSection(ExtensibilityGlobals) = postSolution
		SolutionGuid = {EA2BAF00-B731-482B-86EA-B321681833B6}
	EndGlobalSection
EndGlobal
